
Microsoft Visual Studio Solution File, Format Version 12.00
# Visual Studio Version 17
VisualStudioVersion = 17.9.34902.65
MinimumVisualStudioVersion = 10.0.40219.1
Project("{8BC9CEB8-8B4A-11D0-8D11-00A0C91BC942}") = "CD_WidescreenFix", "CD_WidescreenFix\CD_WidescreenFix.vcxproj", "{766AC41A-ECF4-46C7-B3C9-E13904E92CF8}"
EndProject
Global
	GlobalSection(SolutionConfigurationPlatforms) = preSolution
		Debug|x64 = Debug|x64
		Debug|x86 = Debug|x86
		Release|x64 = Release|x64
		Release|x86 = Release|x86
	EndGlobalSection
	GlobalSection(ProjectConfigurationPlatforms) = postSolution
		{766AC41A-ECF4-46C7-B3C9-E13904E92CF8}.Debug|x64.ActiveCfg = Debug|x64
		{766AC41A-ECF4-46C7-B3C9-E13904E92CF8}.Debug|x64.Build.0 = Debug|x64
		{766AC41A-ECF4-46C7-B3C9-E13904E92CF8}.Debug|x86.ActiveCfg = Debug|Win32
		{766AC41A-ECF4-46C7-B3C9-E13904E92CF8}.Debug|x86.Build.0 = Debug|Win32
		{766AC41A-ECF4-46C7-B3C9-E13904E92CF8}.Release|x64.ActiveCfg = Release|x64
		{766AC41A-ECF4-46C7-B3C9-E13904E92CF8}.Release|x64.Build.0 = Release|x64
		{766AC41A-ECF4-46C7-B3C9-E13904E92CF8}.Release|x86.ActiveCfg = Release|Win32
		{766AC41A-ECF4-46C7-B3C9-E13904E92CF8}.Release|x86.Build.0 = Release|Win32
	EndGlobalSection
	GlobalSection(SolutionProperties) = preSolution
		HideSolutionNode = FALSE
	EndGlobalSection
	GlobalSection(ExtensibilityGlobals) = postSolution
		SolutionGuid = {A6758BFC-AC4B-4D14-B95F-6AE67967972F}
	EndGlobalSection
EndGlobal
